{
  "name": "@vorelli/imagecarousel",
  "version": "1.0.0",
  "lockfileVersion": 1,
  "requires": true,
  "dependencies": {
    "@vorelli/createelement": {
      "version": "1.0.0",
      "resolved": "https://registry.npmjs.org/@vorelli/createelement/-/createelement-1.0.0.tgz",
      "integrity": "sha512-PtQDXWLdu+TjTkP0X/G1l/ch2oVmfQZSfXssSDC3leETjBT3gaYw5aQI6tQy8u+AbTokbcM5JdB+xu9LV3Wwzw=="
    },
    "@vorelli/grab": {
      "version": "1.0.0",
      "resolved": "https://registry.npmjs.org/@vorelli/grab/-/grab-1.0.0.tgz",
      "integrity": "sha512-0kDJnHt62EBs3C38lWQ4oDUAr92jBE7BeZN0mHY2UEYxv5RCwolZgYViYzgEOZ65lRhlLT1h/0eCffO5iaOrCQ=="
    }
  }
}
